// !$*UTF8*$!
{
	archiveVersion = 1;
	classes = {
	};
	objectVersion = 46;
	objects = {

/* Begin PBXBuildFile section */
		8943718A19916FD7000200DA /* MLVisualViewController.m in Sources */ = {isa = PBXBuildFile; fileRef = 8943718919916FD7000200DA /* MLVisualViewController.m */; };
		8943718D19918A3E000200DA /* MLDrawing.m in Sources */ = {isa = PBXBuildFile; fileRef = 8943718C19918A3E000200DA /* MLDrawing.m */; };
		89437193199AC658000200DA /* SettingsViewController.m in Sources */ = {isa = PBXBuildFile; fileRef = 89437192199AC658000200DA /* SettingsViewController.m */; };
		89437195199D2385000200DA /* redbeacon.png in Resources */ = {isa = PBXBuildFile; fileRef = 89437194199D2385000200DA /* redbeacon.png */; };
		894371A8199D68C6000200DA /* NSMutableArray+SWUtilityButtons.m in Sources */ = {isa = PBXBuildFile; fileRef = 8943719D199D68C6000200DA /* NSMutableArray+SWUtilityButtons.m */; };
		894371A9199D68C6000200DA /* SWCellScrollView.m in Sources */ = {isa = PBXBuildFile; fileRef = 8943719F199D68C6000200DA /* SWCellScrollView.m */; };
		894371AA199D68C6000200DA /* SWLongPressGestureRecognizer.m in Sources */ = {isa = PBXBuildFile; fileRef = 894371A1199D68C6000200DA /* SWLongPressGestureRecognizer.m */; };
		894371AB199D68C6000200DA /* SWTableViewCell.m in Sources */ = {isa = PBXBuildFile; fileRef = 894371A3199D68C6000200DA /* SWTableViewCell.m */; };
		894371AC199D68C6000200DA /* SWUtilityButtonTapGestureRecognizer.m in Sources */ = {isa = PBXBuildFile; fileRef = 894371A5199D68C6000200DA /* SWUtilityButtonTapGestureRecognizer.m */; };
		894371AD199D68C6000200DA /* SWUtilityButtonView.m in Sources */ = {isa = PBXBuildFile; fileRef = 894371A7199D68C6000200DA /* SWUtilityButtonView.m */; };
		894371D3199E818B000200DA /* CustomTableViewCell.m in Sources */ = {isa = PBXBuildFile; fileRef = 894371D2199E818B000200DA /* CustomTableViewCell.m */; };
		894371D8199E8210000200DA /* facebook@2x.png in Resources */ = {isa = PBXBuildFile; fileRef = 894371D4199E8210000200DA /* facebook@2x.png */; };
		894371D9199E8210000200DA /* twitter@2x.png in Resources */ = {isa = PBXBuildFile; fileRef = 894371D5199E8210000200DA /* twitter@2x.png */; };
		894371DA199E8210000200DA /* message@2x.png in Resources */ = {isa = PBXBuildFile; fileRef = 894371D6199E8210000200DA /* message@2x.png */; };
		894371DB199E8210000200DA /* like@2x.png in Resources */ = {isa = PBXBuildFile; fileRef = 894371D7199E8210000200DA /* like@2x.png */; };
		894371E019A26865000200DA /* data@2x.png in Resources */ = {isa = PBXBuildFile; fileRef = 894371DF19A26865000200DA /* data@2x.png */; };
		894371E219A26A35000200DA /* settings@2x.png in Resources */ = {isa = PBXBuildFile; fileRef = 894371E119A26A35000200DA /* settings@2x.png */; };
		8962ADD91986BFE300F1211D /* Foundation.framework in Frameworks */ = {isa = PBXBuildFile; fileRef = 8962ADD81986BFE300F1211D /* Foundation.framework */; };
		8962ADDB1986BFE300F1211D /* CoreGraphics.framework in Frameworks */ = {isa = PBXBuildFile; fileRef = 8962ADDA1986BFE300F1211D /* CoreGraphics.framework */; };
		8962ADDD1986BFE300F1211D /* UIKit.framework in Frameworks */ = {isa = PBXBuildFile; fileRef = 8962ADDC1986BFE300F1211D /* UIKit.framework */; };
		8962ADE31986BFE300F1211D /* InfoPlist.strings in Resources */ = {isa = PBXBuildFile; fileRef = 8962ADE11986BFE300F1211D /* InfoPlist.strings */; };
		8962ADE51986BFE300F1211D /* main.m in Sources */ = {isa = PBXBuildFile; fileRef = 8962ADE41986BFE300F1211D /* main.m */; };
		8962ADE91986BFE300F1211D /* AppDelegate.m in Sources */ = {isa = PBXBuildFile; fileRef = 8962ADE81986BFE300F1211D /* AppDelegate.m */; };
		8962ADEC1986BFE300F1211D /* Main.storyboard in Resources */ = {isa = PBXBuildFile; fileRef = 8962ADEA1986BFE300F1211D /* Main.storyboard */; };
		8962ADEF1986BFE300F1211D /* ViewController.m in Sources */ = {isa = PBXBuildFile; fileRef = 8962ADEE1986BFE300F1211D /* ViewController.m */; };
		8962ADF11986BFE300F1211D /* Images.xcassets in Resources */ = {isa = PBXBuildFile; fileRef = 8962ADF01986BFE300F1211D /* Images.xcassets */; };
		8962ADF81986BFE300F1211D /* XCTest.framework in Frameworks */ = {isa = PBXBuildFile; fileRef = 8962ADF71986BFE300F1211D /* XCTest.framework */; };
		8962ADF91986BFE300F1211D /* Foundation.framework in Frameworks */ = {isa = PBXBuildFile; fileRef = 8962ADD81986BFE300F1211D /* Foundation.framework */; };
		8962ADFA1986BFE300F1211D /* UIKit.framework in Frameworks */ = {isa = PBXBuildFile; fileRef = 8962ADDC1986BFE300F1211D /* UIKit.framework */; };
		8962AE021986BFE300F1211D /* InfoPlist.strings in Resources */ = {isa = PBXBuildFile; fileRef = 8962AE001986BFE300F1211D /* InfoPlist.strings */; };
		8962AE041986BFE300F1211D /* RoomsTests.m in Sources */ = {isa = PBXBuildFile; fileRef = 8962AE031986BFE300F1211D /* RoomsTests.m */; };
		89BD2FEB198839C000E86446 /* libEstimoteSDK.a in Frameworks */ = {isa = PBXBuildFile; fileRef = 89BD2FEA198839C000E86446 /* libEstimoteSDK.a */; };
		89BD2FFF19883C8000E86446 /* CoreBluetooth.framework in Frameworks */ = {isa = PBXBuildFile; fileRef = 89BD2FFE19883C8000E86446 /* CoreBluetooth.framework */; };
		89BD300119883C8A00E86446 /* CoreLocation.framework in Frameworks */ = {isa = PBXBuildFile; fileRef = 89BD300019883C8A00E86446 /* CoreLocation.framework */; };
		89BD300319883C9500E86446 /* SystemConfiguration.framework in Frameworks */ = {isa = PBXBuildFile; fileRef = 89BD300219883C9500E86446 /* SystemConfiguration.framework */; };
		89BD3005198AED6500E86446 /* beacon.png in Resources */ = {isa = PBXBuildFile; fileRef = 89BD3004198AED6500E86446 /* beacon.png */; };
		89BD300B198C09EB00E86446 /* MLTimeLogViewController.m in Sources */ = {isa = PBXBuildFile; fileRef = 89BD300A198C09EB00E86446 /* MLTimeLogViewController.m */; };
		89BD3013198C26F200E86446 /* appicon_58.png in Resources */ = {isa = PBXBuildFile; fileRef = 89BD3010198C26F200E86446 /* appicon_58.png */; };
		89BD3014198C26F200E86446 /* appicon_80.png in Resources */ = {isa = PBXBuildFile; fileRef = 89BD3011198C26F200E86446 /* appicon_80.png */; };
		89BD3015198C26F200E86446 /* appicon_120.png in Resources */ = {isa = PBXBuildFile; fileRef = 89BD3012198C26F200E86446 /* appicon_120.png */; };
/* End PBXBuildFile section */

/* Begin PBXContainerItemProxy section */
		8962ADFB1986BFE300F1211D /* PBXContainerItemProxy */ = {
			isa = PBXContainerItemProxy;
			containerPortal = 8962ADCD1986BFE300F1211D /* Project object */;
			proxyType = 1;
			remoteGlobalIDString = 8962ADD41986BFE300F1211D;
			remoteInfo = Rooms;
		};
/* End PBXContainerItemProxy section */

/* Begin PBXFileReference section */
		8943718819916FD7000200DA /* MLVisualViewController.h */ = {isa = PBXFileReference; fileEncoding = 4; lastKnownFileType = sourcecode.c.h; path = MLVisualViewController.h; sourceTree = "<group>"; };
		8943718919916FD7000200DA /* MLVisualViewController.m */ = {isa = PBXFileReference; fileEncoding = 4; lastKnownFileType = sourcecode.c.objc; path = MLVisualViewController.m; sourceTree = "<group>"; };
		8943718B19918A3E000200DA /* MLDrawing.h */ = {isa = PBXFileReference; fileEncoding = 4; lastKnownFileType = sourcecode.c.h; path = MLDrawing.h; sourceTree = "<group>"; };
		8943718C19918A3E000200DA /* MLDrawing.m */ = {isa = PBXFileReference; fileEncoding = 4; lastKnownFileType = sourcecode.c.objc; path = MLDrawing.m; sourceTree = "<group>"; };
		89437191199AC658000200DA /* SettingsViewController.h */ = {isa = PBXFileReference; fileEncoding = 4; lastKnownFileType = sourcecode.c.h; path = SettingsViewController.h; sourceTree = "<group>"; };
		89437192199AC658000200DA /* SettingsViewController.m */ = {isa = PBXFileReference; fileEncoding = 4; lastKnownFileType = sourcecode.c.objc; path = SettingsViewController.m; sourceTree = "<group>"; };
		89437194199D2385000200DA /* redbeacon.png */ = {isa = PBXFileReference; lastKnownFileType = image.png; path = redbeacon.png; sourceTree = "<group>"; };
		8943719C199D68C6000200DA /* NSMutableArray+SWUtilityButtons.h */ = {isa = PBXFileReference; fileEncoding = 4; lastKnownFileType = sourcecode.c.h; path = "NSMutableArray+SWUtilityButtons.h"; sourceTree = "<group>"; };
		8943719D199D68C6000200DA /* NSMutableArray+SWUtilityButtons.m */ = {isa = PBXFileReference; fileEncoding = 4; lastKnownFileType = sourcecode.c.objc; path = "NSMutableArray+SWUtilityButtons.m"; sourceTree = "<group>"; };
		8943719E199D68C6000200DA /* SWCellScrollView.h */ = {isa = PBXFileReference; fileEncoding = 4; lastKnownFileType = sourcecode.c.h; path = SWCellScrollView.h; sourceTree = "<group>"; };
		8943719F199D68C6000200DA /* SWCellScrollView.m */ = {isa = PBXFileReference; fileEncoding = 4; lastKnownFileType = sourcecode.c.objc; path = SWCellScrollView.m; sourceTree = "<group>"; };
		894371A0199D68C6000200DA /* SWLongPressGestureRecognizer.h */ = {isa = PBXFileReference; fileEncoding = 4; lastKnownFileType = sourcecode.c.h; path = SWLongPressGestureRecognizer.h; sourceTree = "<group>"; };
		894371A1199D68C6000200DA /* SWLongPressGestureRecognizer.m */ = {isa = PBXFileReference; fileEncoding = 4; lastKnownFileType = sourcecode.c.objc; path = SWLongPressGestureRecognizer.m; sourceTree = "<group>"; };
		894371A2199D68C6000200DA /* SWTableViewCell.h */ = {isa = PBXFileReference; fileEncoding = 4; lastKnownFileType = sourcecode.c.h; path = SWTableViewCell.h; sourceTree = "<group>"; };
		894371A3199D68C6000200DA /* SWTableViewCell.m */ = {isa = PBXFileReference; fileEncoding = 4; lastKnownFileType = sourcecode.c.objc; path = SWTableViewCell.m; sourceTree = "<group>"; };
		894371A4199D68C6000200DA /* SWUtilityButtonTapGestureRecognizer.h */ = {isa = PBXFileReference; fileEncoding = 4; lastKnownFileType = sourcecode.c.h; path = SWUtilityButtonTapGestureRecognizer.h; sourceTree = "<group>"; };
		894371A5199D68C6000200DA /* SWUtilityButtonTapGestureRecognizer.m */ = {isa = PBXFileReference; fileEncoding = 4; lastKnownFileType = sourcecode.c.objc; path = SWUtilityButtonTapGestureRecognizer.m; sourceTree = "<group>"; };
		894371A6199D68C6000200DA /* SWUtilityButtonView.h */ = {isa = PBXFileReference; fileEncoding = 4; lastKnownFileType = sourcecode.c.h; path = SWUtilityButtonView.h; sourceTree = "<group>"; };
		894371A7199D68C6000200DA /* SWUtilityButtonView.m */ = {isa = PBXFileReference; fileEncoding = 4; lastKnownFileType = sourcecode.c.objc; path = SWUtilityButtonView.m; sourceTree = "<group>"; };
		894371D1199E818B000200DA /* CustomTableViewCell.h */ = {isa = PBXFileReference; fileEncoding = 4; lastKnownFileType = sourcecode.c.h; path = CustomTableViewCell.h; sourceTree = "<group>"; };
		894371D2199E818B000200DA /* CustomTableViewCell.m */ = {isa = PBXFileReference; fileEncoding = 4; lastKnownFileType = sourcecode.c.objc; path = CustomTableViewCell.m; sourceTree = "<group>"; };
		894371D4199E8210000200DA /* facebook@2x.png */ = {isa = PBXFileReference; lastKnownFileType = image.png; path = "facebook@2x.png"; sourceTree = "<group>"; };
		894371D5199E8210000200DA /* twitter@2x.png */ = {isa = PBXFileReference; lastKnownFileType = image.png; path = "twitter@2x.png"; sourceTree = "<group>"; };
		894371D6199E8210000200DA /* message@2x.png */ = {isa = PBXFileReference; lastKnownFileType = image.png; path = "message@2x.png"; sourceTree = "<group>"; };
		894371D7199E8210000200DA /* like@2x.png */ = {isa = PBXFileReference; lastKnownFileType = image.png; path = "like@2x.png"; sourceTree = "<group>"; };
		894371DF19A26865000200DA /* data@2x.png */ = {isa = PBXFileReference; lastKnownFileType = image.png; path = "data@2x.png"; sourceTree = "<group>"; };
		894371E119A26A35000200DA /* settings@2x.png */ = {isa = PBXFileReference; lastKnownFileType = image.png; path = "settings@2x.png"; sourceTree = "<group>"; };
		8962ADD51986BFE300F1211D /* Rooms.app */ = {isa = PBXFileReference; explicitFileType = wrapper.application; includeInIndex = 0; path = Rooms.app; sourceTree = BUILT_PRODUCTS_DIR; };
		8962ADD81986BFE300F1211D /* Foundation.framework */ = {isa = PBXFileReference; lastKnownFileType = wrapper.framework; name = Foundation.framework; path = System/Library/Frameworks/Foundation.framework; sourceTree = SDKROOT; };
		8962ADDA1986BFE300F1211D /* CoreGraphics.framework */ = {isa = PBXFileReference; lastKnownFileType = wrapper.framework; name = CoreGraphics.framework; path = System/Library/Frameworks/CoreGraphics.framework; sourceTree = SDKROOT; };
		8962ADDC1986BFE300F1211D /* UIKit.framework */ = {isa = PBXFileReference; lastKnownFileType = wrapper.framework; name = UIKit.framework; path = System/Library/Frameworks/UIKit.framework; sourceTree = SDKROOT; };
		8962ADE01986BFE300F1211D /* Rooms-Info.plist */ = {isa = PBXFileReference; lastKnownFileType = text.plist.xml; path = "Rooms-Info.plist"; sourceTree = "<group>"; };
		8962ADE21986BFE300F1211D /* en */ = {isa = PBXFileReference; lastKnownFileType = text.plist.strings; name = en; path = en.lproj/InfoPlist.strings; sourceTree = "<group>"; };
		8962ADE41986BFE300F1211D /* main.m */ = {isa = PBXFileReference; lastKnownFileType = sourcecode.c.objc; path = main.m; sourceTree = "<group>"; };
		8962ADE61986BFE300F1211D /* Rooms-Prefix.pch */ = {isa = PBXFileReference; lastKnownFileType = sourcecode.c.h; path = "Rooms-Prefix.pch"; sourceTree = "<group>"; };
		8962ADE71986BFE300F1211D /* AppDelegate.h */ = {isa = PBXFileReference; lastKnownFileType = sourcecode.c.h; path = AppDelegate.h; sourceTree = "<group>"; };
		8962ADE81986BFE300F1211D /* AppDelegate.m */ = {isa = PBXFileReference; lastKnownFileType = sourcecode.c.objc; path = AppDelegate.m; sourceTree = "<group>"; };
		8962ADEB1986BFE300F1211D /* Base */ = {isa = PBXFileReference; lastKnownFileType = file.storyboard; name = Base; path = Base.lproj/Main.storyboard; sourceTree = "<group>"; };
		8962ADED1986BFE300F1211D /* ViewController.h */ = {isa = PBXFileReference; lastKnownFileType = sourcecode.c.h; path = ViewController.h; sourceTree = "<group>"; };
		8962ADEE1986BFE300F1211D /* ViewController.m */ = {isa = PBXFileReference; lastKnownFileType = sourcecode.c.objc; path = ViewController.m; sourceTree = "<group>"; };
		8962ADF01986BFE300F1211D /* Images.xcassets */ = {isa = PBXFileReference; lastKnownFileType = folder.assetcatalog; path = Images.xcassets; sourceTree = "<group>"; };
		8962ADF61986BFE300F1211D /* RoomsTests.xctest */ = {isa = PBXFileReference; explicitFileType = wrapper.cfbundle; includeInIndex = 0; path = RoomsTests.xctest; sourceTree = BUILT_PRODUCTS_DIR; };
		8962ADF71986BFE300F1211D /* XCTest.framework */ = {isa = PBXFileReference; lastKnownFileType = wrapper.framework; name = XCTest.framework; path = Library/Frameworks/XCTest.framework; sourceTree = DEVELOPER_DIR; };
		8962ADFF1986BFE300F1211D /* RoomsTests-Info.plist */ = {isa = PBXFileReference; lastKnownFileType = text.plist.xml; path = "RoomsTests-Info.plist"; sourceTree = "<group>"; };
		8962AE011986BFE300F1211D /* en */ = {isa = PBXFileReference; lastKnownFileType = text.plist.strings; name = en; path = en.lproj/InfoPlist.strings; sourceTree = "<group>"; };
		8962AE031986BFE300F1211D /* RoomsTests.m */ = {isa = PBXFileReference; lastKnownFileType = sourcecode.c.objc; path = RoomsTests.m; sourceTree = "<group>"; };
		89BD2FE3198839BA00E86446 /* ESTBeacon.h */ = {isa = PBXFileReference; fileEncoding = 4; lastKnownFileType = sourcecode.c.h; path = ESTBeacon.h; sourceTree = "<group>"; };
		89BD2FE4198839BA00E86446 /* ESTBeaconDefinitions.h */ = {isa = PBXFileReference; fileEncoding = 4; lastKnownFileType = sourcecode.c.h; path = ESTBeaconDefinitions.h; sourceTree = "<group>"; };
		89BD2FE5198839BA00E86446 /* ESTBeaconFirmwareInfoVO.h */ = {isa = PBXFileReference; fileEncoding = 4; lastKnownFileType = sourcecode.c.h; path = ESTBeaconFirmwareInfoVO.h; sourceTree = "<group>"; };
		89BD2FE6198839BA00E86446 /* ESTBeaconFirmwareVO.h */ = {isa = PBXFileReference; fileEncoding = 4; lastKnownFileType = sourcecode.c.h; path = ESTBeaconFirmwareVO.h; sourceTree = "<group>"; };
		89BD2FE7198839BA00E86446 /* ESTBeaconManager.h */ = {isa = PBXFileReference; fileEncoding = 4; lastKnownFileType = sourcecode.c.h; path = ESTBeaconManager.h; sourceTree = "<group>"; };
		89BD2FE8198839BA00E86446 /* ESTBeaconRegion.h */ = {isa = PBXFileReference; fileEncoding = 4; lastKnownFileType = sourcecode.c.h; path = ESTBeaconRegion.h; sourceTree = "<group>"; };
		89BD2FE9198839BA00E86446 /* ESTBeaconVO.h */ = {isa = PBXFileReference; fileEncoding = 4; lastKnownFileType = sourcecode.c.h; path = ESTBeaconVO.h; sourceTree = "<group>"; };
		89BD2FEA198839C000E86446 /* libEstimoteSDK.a */ = {isa = PBXFileReference; lastKnownFileType = archive.ar; path = libEstimoteSDK.a; sourceTree = "<group>"; };
		89BD2FFE19883C8000E86446 /* CoreBluetooth.framework */ = {isa = PBXFileReference; lastKnownFileType = wrapper.framework; name = CoreBluetooth.framework; path = System/Library/Frameworks/CoreBluetooth.framework; sourceTree = SDKROOT; };
		89BD300019883C8A00E86446 /* CoreLocation.framework */ = {isa = PBXFileReference; lastKnownFileType = wrapper.framework; name = CoreLocation.framework; path = System/Library/Frameworks/CoreLocation.framework; sourceTree = SDKROOT; };
		89BD300219883C9500E86446 /* SystemConfiguration.framework */ = {isa = PBXFileReference; lastKnownFileType = wrapper.framework; name = SystemConfiguration.framework; path = System/Library/Frameworks/SystemConfiguration.framework; sourceTree = SDKROOT; };
		89BD3004198AED6500E86446 /* beacon.png */ = {isa = PBXFileReference; lastKnownFileType = image.png; path = beacon.png; sourceTree = "<group>"; };
		89BD3009198C09EB00E86446 /* MLTimeLogViewController.h */ = {isa = PBXFileReference; fileEncoding = 4; lastKnownFileType = sourcecode.c.h; path = MLTimeLogViewController.h; sourceTree = "<group>"; };
		89BD300A198C09EB00E86446 /* MLTimeLogViewController.m */ = {isa = PBXFileReference; fileEncoding = 4; lastKnownFileType = sourcecode.c.objc; path = MLTimeLogViewController.m; sourceTree = "<group>"; };
		89BD3010198C26F200E86446 /* appicon_58.png */ = {isa = PBXFileReference; lastKnownFileType = image.png; path = appicon_58.png; sourceTree = "<group>"; };
		89BD3011198C26F200E86446 /* appicon_80.png */ = {isa = PBXFileReference; lastKnownFileType = image.png; path = appicon_80.png; sourceTree = "<group>"; };
		89BD3012198C26F200E86446 /* appicon_120.png */ = {isa = PBXFileReference; lastKnownFileType = image.png; path = appicon_120.png; sourceTree = "<group>"; };
/* End PBXFileReference section */

/* Begin PBXFrameworksBuildPhase section */
		8962ADD21986BFE300F1211D /* Frameworks */ = {
			isa = PBXFrameworksBuildPhase;
			buildActionMask = 2147483647;
			files = (
				89BD300319883C9500E86446 /* SystemConfiguration.framework in Frameworks */,
				89BD300119883C8A00E86446 /* CoreLocation.framework in Frameworks */,
				89BD2FFF19883C8000E86446 /* CoreBluetooth.framework in Frameworks */,
				8962ADDB1986BFE300F1211D /* CoreGraphics.framework in Frameworks */,
				8962ADDD1986BFE300F1211D /* UIKit.framework in Frameworks */,
				89BD2FEB198839C000E86446 /* libEstimoteSDK.a in Frameworks */,
				8962ADD91986BFE300F1211D /* Foundation.framework in Frameworks */,
			);
			runOnlyForDeploymentPostprocessing = 0;
		};
		8962ADF31986BFE300F1211D /* Frameworks */ = {
			isa = PBXFrameworksBuildPhase;
			buildActionMask = 2147483647;
			files = (
				8962ADF81986BFE300F1211D /* XCTest.framework in Frameworks */,
				8962ADFA1986BFE300F1211D /* UIKit.framework in Frameworks */,
				8962ADF91986BFE300F1211D /* Foundation.framework in Frameworks */,
			);
			runOnlyForDeploymentPostprocessing = 0;
		};
/* End PBXFrameworksBuildPhase section */

/* Begin PBXGroup section */
		8943719B199D68B7000200DA /* SWCell */ = {
			isa = PBXGroup;
			children = (
				8943719C199D68C6000200DA /* NSMutableArray+SWUtilityButtons.h */,
				8943719D199D68C6000200DA /* NSMutableArray+SWUtilityButtons.m */,
				8943719E199D68C6000200DA /* SWCellScrollView.h */,
				8943719F199D68C6000200DA /* SWCellScrollView.m */,
				894371A0199D68C6000200DA /* SWLongPressGestureRecognizer.h */,
				894371A1199D68C6000200DA /* SWLongPressGestureRecognizer.m */,
				894371A2199D68C6000200DA /* SWTableViewCell.h */,
				894371A3199D68C6000200DA /* SWTableViewCell.m */,
				894371A4199D68C6000200DA /* SWUtilityButtonTapGestureRecognizer.h */,
				894371A5199D68C6000200DA /* SWUtilityButtonTapGestureRecognizer.m */,
				894371A6199D68C6000200DA /* SWUtilityButtonView.h */,
				894371A7199D68C6000200DA /* SWUtilityButtonView.m */,
			);
			name = SWCell;
			sourceTree = "<group>";
		};
		894371B7199D70F9000200DA /* Main View */ = {
			isa = PBXGroup;
			children = (
				8962ADED1986BFE300F1211D /* ViewController.h */,
				8962ADEE1986BFE300F1211D /* ViewController.m */,
				894371D1199E818B000200DA /* CustomTableViewCell.h */,
				894371D2199E818B000200DA /* CustomTableViewCell.m */,
			);
			name = "Main View";
			sourceTree = "<group>";
		};
		8962ADCC1986BFE300F1211D = {
			isa = PBXGroup;
			children = (
				8962ADDE1986BFE300F1211D /* Rooms */,
				8962ADFD1986BFE300F1211D /* RoomsTests */,
				8962ADD71986BFE300F1211D /* Frameworks */,
				8962ADD61986BFE300F1211D /* Products */,
			);
			sourceTree = "<group>";
		};
		8962ADD61986BFE300F1211D /* Products */ = {
			isa = PBXGroup;
			children = (
				8962ADD51986BFE300F1211D /* Rooms.app */,
				8962ADF61986BFE300F1211D /* RoomsTests.xctest */,
			);
			name = Products;
			sourceTree = "<group>";
		};
		8962ADD71986BFE300F1211D /* Frameworks */ = {
			isa = PBXGroup;
			children = (
				89BD300219883C9500E86446 /* SystemConfiguration.framework */,
				89BD300019883C8A00E86446 /* CoreLocation.framework */,
				89BD2FFE19883C8000E86446 /* CoreBluetooth.framework */,
				89BD2FEA198839C000E86446 /* libEstimoteSDK.a */,
				89BD2FE2198839BA00E86446 /* Headers */,
				8962ADD81986BFE300F1211D /* Foundation.framework */,
				8962ADDA1986BFE300F1211D /* CoreGraphics.framework */,
				8962ADDC1986BFE300F1211D /* UIKit.framework */,
				8962ADF71986BFE300F1211D /* XCTest.framework */,
			);
			name = Frameworks;
			sourceTree = "<group>";
		};
		8962ADDE1986BFE300F1211D /* Rooms */ = {
			isa = PBXGroup;
			children = (
				8962ADE71986BFE300F1211D /* AppDelegate.h */,
				8962ADE81986BFE300F1211D /* AppDelegate.m */,
				8962ADEA1986BFE300F1211D /* Main.storyboard */,
				894371B7199D70F9000200DA /* Main View */,
				89437191199AC658000200DA /* SettingsViewController.h */,
				89437192199AC658000200DA /* SettingsViewController.m */,
				89BD3009198C09EB00E86446 /* MLTimeLogViewController.h */,
				89BD300A198C09EB00E86446 /* MLTimeLogViewController.m */,
				8943718819916FD7000200DA /* MLVisualViewController.h */,
				8943718919916FD7000200DA /* MLVisualViewController.m */,
				8943718B19918A3E000200DA /* MLDrawing.h */,
				8943718C19918A3E000200DA /* MLDrawing.m */,
				8943719B199D68B7000200DA /* SWCell */,
				89BD3016198C27C900E86446 /* Images */,
				8962ADF01986BFE300F1211D /* Images.xcassets */,
				8962ADDF1986BFE300F1211D /* Supporting Files */,
			);
			path = Rooms;
			sourceTree = "<group>";
		};
		8962ADDF1986BFE300F1211D /* Supporting Files */ = {
			isa = PBXGroup;
			children = (
				8962ADE01986BFE300F1211D /* Rooms-Info.plist */,
				8962ADE11986BFE300F1211D /* InfoPlist.strings */,
				8962ADE41986BFE300F1211D /* main.m */,
				8962ADE61986BFE300F1211D /* Rooms-Prefix.pch */,
			);
			name = "Supporting Files";
			sourceTree = "<group>";
		};
		8962ADFD1986BFE300F1211D /* RoomsTests */ = {
			isa = PBXGroup;
			children = (
				8962AE031986BFE300F1211D /* RoomsTests.m */,
				8962ADFE1986BFE300F1211D /* Supporting Files */,
			);
			path = RoomsTests;
			sourceTree = "<group>";
		};
		8962ADFE1986BFE300F1211D /* Supporting Files */ = {
			isa = PBXGroup;
			children = (
				8962ADFF1986BFE300F1211D /* RoomsTests-Info.plist */,
				8962AE001986BFE300F1211D /* InfoPlist.strings */,
			);
			name = "Supporting Files";
			sourceTree = "<group>";
		};
		89BD2FE2198839BA00E86446 /* Headers */ = {
			isa = PBXGroup;
			children = (
				89BD2FE3198839BA00E86446 /* ESTBeacon.h */,
				89BD2FE4198839BA00E86446 /* ESTBeaconDefinitions.h */,
				89BD2FE5198839BA00E86446 /* ESTBeaconFirmwareInfoVO.h */,
				89BD2FE6198839BA00E86446 /* ESTBeaconFirmwareVO.h */,
				89BD2FE7198839BA00E86446 /* ESTBeaconManager.h */,
				89BD2FE8198839BA00E86446 /* ESTBeaconRegion.h */,
				89BD2FE9198839BA00E86446 /* ESTBeaconVO.h */,
			);
			path = Headers;
			sourceTree = "<group>";
		};
		89BD3016198C27C900E86446 /* Images */ = {
			isa = PBXGroup;
			children = (
				894371E119A26A35000200DA /* settings@2x.png */,
				894371DF19A26865000200DA /* data@2x.png */,
				894371D4199E8210000200DA /* facebook@2x.png */,
				894371D5199E8210000200DA /* twitter@2x.png */,
				894371D6199E8210000200DA /* message@2x.png */,
				894371D7199E8210000200DA /* like@2x.png */,
				89437194199D2385000200DA /* redbeacon.png */,
				89BD3004198AED6500E86446 /* beacon.png */,
				89BD3010198C26F200E86446 /* appicon_58.png */,
				89BD3011198C26F200E86446 /* appicon_80.png */,
				89BD3012198C26F200E86446 /* appicon_120.png */,
			);
			name = Images;
			sourceTree = "<group>";
		};
/* End PBXGroup section */

/* Begin PBXNativeTarget section */
		8962ADD41986BFE300F1211D /* Rooms */ = {
			isa = PBXNativeTarget;
			buildConfigurationList = 8962AE071986BFE300F1211D /* Build configuration list for PBXNativeTarget "Rooms" */;
			buildPhases = (
				8962ADD11986BFE300F1211D /* Sources */,
				8962ADD21986BFE300F1211D /* Frameworks */,
				8962ADD31986BFE300F1211D /* Resources */,
			);
			buildRules = (
			);
			dependencies = (
			);
			name = Rooms;
			productName = Rooms;
			productReference = 8962ADD51986BFE300F1211D /* Rooms.app */;
			productType = "com.apple.product-type.application";
		};
		8962ADF51986BFE300F1211D /* RoomsTests */ = {
			isa = PBXNativeTarget;
			buildConfigurationList = 8962AE0A1986BFE300F1211D /* Build configuration list for PBXNativeTarget "RoomsTests" */;
			buildPhases = (
				8962ADF21986BFE300F1211D /* Sources */,
				8962ADF31986BFE300F1211D /* Frameworks */,
				8962ADF41986BFE300F1211D /* Resources */,
			);
			buildRules = (
			);
			dependencies = (
				8962ADFC1986BFE300F1211D /* PBXTargetDependency */,
			);
			name = RoomsTests;
			productName = RoomsTests;
			productReference = 8962ADF61986BFE300F1211D /* RoomsTests.xctest */;
			productType = "com.apple.product-type.bundle.unit-test";
		};
/* End PBXNativeTarget section */

/* Begin PBXProject section */
		8962ADCD1986BFE300F1211D /* Project object */ = {
			isa = PBXProject;
			attributes = {
				LastUpgradeCheck = 0510;
				ORGANIZATIONNAME = mondolabs;
				TargetAttributes = {
					8962ADF51986BFE300F1211D = {
						TestTargetID = 8962ADD41986BFE300F1211D;
					};
				};
			};
			buildConfigurationList = 8962ADD01986BFE300F1211D /* Build configuration list for PBXProject "Rooms" */;
			compatibilityVersion = "Xcode 3.2";
			developmentRegion = English;
			hasScannedForEncodings = 0;
			knownRegions = (
				en,
				Base,
			);
			mainGroup = 8962ADCC1986BFE300F1211D;
			productRefGroup = 8962ADD61986BFE300F1211D /* Products */;
			projectDirPath = "";
			projectRoot = "";
			targets = (
				8962ADD41986BFE300F1211D /* Rooms */,
				8962ADF51986BFE300F1211D /* RoomsTests */,
			);
		};
/* End PBXProject section */

/* Begin PBXResourcesBuildPhase section */
		8962ADD31986BFE300F1211D /* Resources */ = {
			isa = PBXResourcesBuildPhase;
			buildActionMask = 2147483647;
			files = (
				894371E019A26865000200DA /* data@2x.png in Resources */,
				894371D9199E8210000200DA /* twitter@2x.png in Resources */,
				8962ADF11986BFE300F1211D /* Images.xcassets in Resources */,
				8962ADE31986BFE300F1211D /* InfoPlist.strings in Resources */,
				8962ADEC1986BFE300F1211D /* Main.storyboard in Resources */,
				89437195199D2385000200DA /* redbeacon.png in Resources */,
				894371D8199E8210000200DA /* facebook@2x.png in Resources */,
				89BD3015198C26F200E86446 /* appicon_120.png in Resources */,
				89BD3005198AED6500E86446 /* beacon.png in Resources */,
				894371E219A26A35000200DA /* settings@2x.png in Resources */,
				894371DA199E8210000200DA /* message@2x.png in Resources */,
				894371DB199E8210000200DA /* like@2x.png in Resources */,
				89BD3014198C26F200E86446 /* appicon_80.png in Resources */,
				89BD3013198C26F200E86446 /* appicon_58.png in Resources */,
			);
			runOnlyForDeploymentPostprocessing = 0;
		};
		8962ADF41986BFE300F1211D /* Resources */ = {
			isa = PBXResourcesBuildPhase;
			buildActionMask = 2147483647;
			files = (
				8962AE021986BFE300F1211D /* InfoPlist.strings in Resources */,
			);
			runOnlyForDeploymentPostprocessing = 0;
		};
/* End PBXResourcesBuildPhase section */

/* Begin PBXSourcesBuildPhase section */
		8962ADD11986BFE300F1211D /* Sources */ = {
			isa = PBXSourcesBuildPhase;
			buildActionMask = 2147483647;
			files = (
				89BD300B198C09EB00E86446 /* MLTimeLogViewController.m in Sources */,
				8962ADEF1986BFE300F1211D /* ViewController.m in Sources */,
				8962ADE91986BFE300F1211D /* AppDelegate.m in Sources */,
				8943718A19916FD7000200DA /* MLVisualViewController.m in Sources */,
				894371AB199D68C6000200DA /* SWTableViewCell.m in Sources */,
				894371AC199D68C6000200DA /* SWUtilityButtonTapGestureRecognizer.m in Sources */,
				8962ADE51986BFE300F1211D /* main.m in Sources */,
				8943718D19918A3E000200DA /* MLDrawing.m in Sources */,
				894371D3199E818B000200DA /* CustomTableViewCell.m in Sources */,
				894371AD199D68C6000200DA /* SWUtilityButtonView.m in Sources */,
				894371AA199D68C6000200DA /* SWLongPressGestureRecognizer.m in Sources */,
				894371A9199D68C6000200DA /* SWCellScrollView.m in Sources */,
				89437193199AC658000200DA /* SettingsViewController.m in Sources */,
				894371A8199D68C6000200DA /* NSMutableArray+SWUtilityButtons.m in Sources */,
			);
			runOnlyForDeploymentPostprocessing = 0;
		};
		8962ADF21986BFE300F1211D /* Sources */ = {
			isa = PBXSourcesBuildPhase;
			buildActionMask = 2147483647;
			files = (
				8962AE041986BFE300F1211D /* RoomsTests.m in Sources */,
			);
			runOnlyForDeploymentPostprocessing = 0;
		};
/* End PBXSourcesBuildPhase section */

/* Begin PBXTargetDependency section */
		8962ADFC1986BFE300F1211D /* PBXTargetDependency */ = {
			isa = PBXTargetDependency;
			target = 8962ADD41986BFE300F1211D /* Rooms */;
			targetProxy = 8962ADFB1986BFE300F1211D /* PBXContainerItemProxy */;
		};
/* End PBXTargetDependency section */

/* Begin PBXVariantGroup section */
		8962ADE11986BFE300F1211D /* InfoPlist.strings */ = {
			isa = PBXVariantGroup;
			children = (
				8962ADE21986BFE300F1211D /* en */,
			);
			name = InfoPlist.strings;
			sourceTree = "<group>";
		};
		8962ADEA1986BFE300F1211D /* Main.storyboard */ = {
			isa = PBXVariantGroup;
			children = (
				8962ADEB1986BFE300F1211D /* Base */,
			);
			name = Main.storyboard;
			sourceTree = "<group>";
		};
		8962AE001986BFE300F1211D /* InfoPlist.strings */ = {
			isa = PBXVariantGroup;
			children = (
				8962AE011986BFE300F1211D /* en */,
			);
			name = InfoPlist.strings;
			sourceTree = "<group>";
		};
/* End PBXVariantGroup section */

/* Begin XCBuildConfiguration section */
		8962AE051986BFE300F1211D /* Debug */ = {
			isa = XCBuildConfiguration;
			buildSettings = {
				ALWAYS_SEARCH_USER_PATHS = NO;
				CLANG_CXX_LANGUAGE_STANDARD = "gnu++0x";
				CLANG_CXX_LIBRARY = "libc++";
				CLANG_ENABLE_MODULES = YES;
				CLANG_ENABLE_OBJC_ARC = YES;
				CLANG_WARN_BOOL_CONVERSION = YES;
				CLANG_WARN_CONSTANT_CONVERSION = YES;
				CLANG_WARN_DIRECT_OBJC_ISA_USAGE = YES_ERROR;
				CLANG_WARN_EMPTY_BODY = YES;
				CLANG_WARN_ENUM_CONVERSION = YES;
				CLANG_WARN_INT_CONVERSION = YES;
				CLANG_WARN_OBJC_ROOT_CLASS = YES_ERROR;
				CLANG_WARN__DUPLICATE_METHOD_MATCH = YES;
				"CODE_SIGN_IDENTITY[sdk=iphoneos*]" = "iPhone Developer";
				COPY_PHASE_STRIP = NO;
				GCC_C_LANGUAGE_STANDARD = gnu99;
				GCC_DYNAMIC_NO_PIC = NO;
				GCC_OPTIMIZATION_LEVEL = 0;
				GCC_PREPROCESSOR_DEFINITIONS = (
					"DEBUG=1",
					"$(inherited)",
				);
				GCC_SYMBOLS_PRIVATE_EXTERN = NO;
				GCC_WARN_64_TO_32_BIT_CONVERSION = YES;
				GCC_WARN_ABOUT_RETURN_TYPE = YES_ERROR;
				GCC_WARN_UNDECLARED_SELECTOR = YES;
				GCC_WARN_UNINITIALIZED_AUTOS = YES_AGGRESSIVE;
				GCC_WARN_UNUSED_FUNCTION = YES;
				GCC_WARN_UNUSED_VARIABLE = YES;
				IPHONEOS_DEPLOYMENT_TARGET = 7.1;
				ONLY_ACTIVE_ARCH = YES;
				SDKROOT = iphoneos;
			};
			name = Debug;
		};
		8962AE061986BFE300F1211D /* Release */ = {
			isa = XCBuildConfiguration;
			buildSettings = {
				ALWAYS_SEARCH_USER_PATHS = NO;
				CLANG_CXX_LANGUAGE_STANDARD = "gnu++0x";
				CLANG_CXX_LIBRARY = "libc++";
				CLANG_ENABLE_MODULES = YES;
				CLANG_ENABLE_OBJC_ARC = YES;
				CLANG_WARN_BOOL_CONVERSION = YES;
				CLANG_WARN_CONSTANT_CONVERSION = YES;
				CLANG_WARN_DIRECT_OBJC_ISA_USAGE = YES_ERROR;
				CLANG_WARN_EMPTY_BODY = YES;
				CLANG_WARN_ENUM_CONVERSION = YES;
				CLANG_WARN_INT_CONVERSION = YES;
				CLANG_WARN_OBJC_ROOT_CLASS = YES_ERROR;
				CLANG_WARN__DUPLICATE_METHOD_MATCH = YES;
				"CODE_SIGN_IDENTITY[sdk=iphoneos*]" = "iPhone Developer";
				COPY_PHASE_STRIP = YES;
				ENABLE_NS_ASSERTIONS = NO;
				GCC_C_LANGUAGE_STANDARD = gnu99;
				GCC_WARN_64_TO_32_BIT_CONVERSION = YES;
				GCC_WARN_ABOUT_RETURN_TYPE = YES_ERROR;
				GCC_WARN_UNDECLARED_SELECTOR = YES;
				GCC_WARN_UNINITIALIZED_AUTOS = YES_AGGRESSIVE;
				GCC_WARN_UNUSED_FUNCTION = YES;
				GCC_WARN_UNUSED_VARIABLE = YES;
				IPHONEOS_DEPLOYMENT_TARGET = 7.1;
				SDKROOT = iphoneos;
				VALIDATE_PRODUCT = YES;
			};
			name = Release;
		};
		8962AE081986BFE300F1211D /* Debug */ = {
			isa = XCBuildConfiguration;
			buildSettings = {
				ASSETCATALOG_COMPILER_APPICON_NAME = AppIcon;
				ASSETCATALOG_COMPILER_LAUNCHIMAGE_NAME = "LaunchImage-2";
				GCC_PRECOMPILE_PREFIX_HEADER = YES;
				GCC_PREFIX_HEADER = "Rooms/Rooms-Prefix.pch";
				INFOPLIST_FILE = "Rooms/Rooms-Info.plist";
				LIBRARY_SEARCH_PATHS = (
					"$(inherited)",
					"$(PROJECT_DIR)",
					"$(PROJECT_DIR)/EstimoteSDK",
				);
				PRODUCT_NAME = "$(TARGET_NAME)";
				WRAPPER_EXTENSION = app;
			};
			name = Debug;
		};
		8962AE091986BFE300F1211D /* Release */ = {
			isa = XCBuildConfiguration;
			buildSettings = {
				ASSETCATALOG_COMPILER_APPICON_NAME = AppIcon;
				ASSETCATALOG_COMPILER_LAUNCHIMAGE_NAME = "LaunchImage-2";
				GCC_PRECOMPILE_PREFIX_HEADER = YES;
				GCC_PREFIX_HEADER = "Rooms/Rooms-Prefix.pch";
				INFOPLIST_FILE = "Rooms/Rooms-Info.plist";
				LIBRARY_SEARCH_PATHS = (
					"$(inherited)",
					"$(PROJECT_DIR)",
					"$(PROJECT_DIR)/EstimoteSDK",
				);
				PRODUCT_NAME = "$(TARGET_NAME)";
				WRAPPER_EXTENSION = app;
			};
			name = Release;
		};
		8962AE0B1986BFE300F1211D /* Debug */ = {
			isa = XCBuildConfiguration;
			buildSettings = {
				BUNDLE_LOADER = "$(BUILT_PRODUCTS_DIR)/Rooms.app/Rooms";
				FRAMEWORK_SEARCH_PATHS = (
					"$(SDKROOT)/Developer/Library/Frameworks",
					"$(inherited)",
					"$(DEVELOPER_FRAMEWORKS_DIR)",
				);
				GCC_PRECOMPILE_PREFIX_HEADER = YES;
				GCC_PREFIX_HEADER = "Rooms/Rooms-Prefix.pch";
				GCC_PREPROCESSOR_DEFINITIONS = (
					"DEBUG=1",
					"$(inherited)",
				);
				INFOPLIST_FILE = "RoomsTests/RoomsTests-Info.plist";
				PRODUCT_NAME = "$(TARGET_NAME)";
				TEST_HOST = "$(BUNDLE_LOADER)";
				WRAPPER_EXTENSION = xctest;
			};
			name = Debug;
		};
		8962AE0C1986BFE300F1211D /* Release */ = {
			isa = XCBuildConfiguration;
			buildSettings = {
				BUNDLE_LOADER = "$(BUILT_PRODUCTS_DIR)/Rooms.app/Rooms";
				FRAMEWORK_SEARCH_PATHS = (
					"$(SDKROOT)/Developer/Library/Frameworks",
					"$(inherited)",
					"$(DEVELOPER_FRAMEWORKS_DIR)",
				);
				GCC_PRECOMPILE_PREFIX_HEADER = YES;
				GCC_PREFIX_HEADER = "Rooms/Rooms-Prefix.pch";
				INFOPLIST_FILE = "RoomsTests/RoomsTests-Info.plist";
				PRODUCT_NAME = "$(TARGET_NAME)";
				TEST_HOST = "$(BUNDLE_LOADER)";
				WRAPPER_EXTENSION = xctest;
			};
			name = Release;
		};
/* End XCBuildConfiguration section */

/* Begin XCConfigurationList section */
		8962ADD01986BFE300F1211D /* Build configuration list for PBXProject "Rooms" */ = {
			isa = XCConfigurationList;
			buildConfigurations = (
				8962AE051986BFE300F1211D /* Debug */,
				8962AE061986BFE300F1211D /* Release */,
			);
			defaultConfigurationIsVisible = 0;
			defaultConfigurationName = Release;
		};
		8962AE071986BFE300F1211D /* Build configuration list for PBXNativeTarget "Rooms" */ = {
			isa = XCConfigurationList;
			buildConfigurations = (
				8962AE081986BFE300F1211D /* Debug */,
				8962AE091986BFE300F1211D /* Release */,
			);
			defaultConfigurationIsVisible = 0;
			defaultConfigurationName = Release;
		};
		8962AE0A1986BFE300F1211D /* Build configuration list for PBXNativeTarget "RoomsTests" */ = {
			isa = XCConfigurationList;
			buildConfigurations = (
				8962AE0B1986BFE300F1211D /* Debug */,
				8962AE0C1986BFE300F1211D /* Release */,
			);
			defaultConfigurationIsVisible = 0;
			defaultConfigurationName = Release;
		};
/* End XCConfigurationList section */
	};
	rootObject = 8962ADCD1986BFE300F1211D /* Project object */;
}
